
Microsoft Visual Studio Solution File, Format Version 12.00
# Visual Studio Version 17
VisualStudioVersion = 17.13.35931.197 d17.13
MinimumVisualStudioVersion = 10.0.40219.1
Project("{FAE04EC0-301F-11D3-BF4B-00C04F79EFBC}") = "FarmRPG", "FarmRPG\FarmRPG.csproj", "{D5D05D9A-BC91-4471-AAA6-18E0DA84D287}"
EndProject
Global
	GlobalSection(SolutionConfigurationPlatforms) = preSolution
		Debug|Any CPU = Debug|Any CPU
		Release|Any CPU = Release|Any CPU
	EndGlobalSection
	GlobalSection(ProjectConfigurationPlatforms) = postSolution
		{D5D05D9A-BC91-4471-AAA6-18E0DA84D287}.Debug|Any CPU.ActiveCfg = Debug|Any CPU
		{D5D05D9A-BC91-4471-AAA6-18E0DA84D287}.Debug|Any CPU.Build.0 = Debug|Any CPU
		{D5D05D9A-BC91-4471-AAA6-18E0DA84D287}.Release|Any CPU.ActiveCfg = Release|Any CPU
		{D5D05D9A-BC91-4471-AAA6-18E0DA84D287}.Release|Any CPU.Build.0 = Release|Any CPU
	EndGlobalSection
	GlobalSection(SolutionProperties) = preSolution
		HideSolutionNode = FALSE
	EndGlobalSection
	GlobalSection(ExtensibilityGlobals) = postSolution
		SolutionGuid = {A6D8BC10-28D4-49D2-8FD5-4E1CF9EC5D02}
	EndGlobalSection
EndGlobal
